decred.org/cspp/v2 v2.4.0 h1:whb0YW+UELHJS/UfT5MBXSJXrKUVw5omhgKNhjzYix4=
decred.org/cspp/v2 v2.4.0/go.mod h1:9nO3bfvCheOPIFZw5f6sRQ42CjBFB5RKSaJ9Iq6G4MA=
decred.org/dcrdex v1.0.5 h1:YIq8Uci4AQNz3xweRhrS/HUv2yCZiaQou3mBAkdzhSo=
decred.org/dcrdex v1.0.5/go.mod h1:9bRUZrhdM9CkOeUHSkU5Yx060fuDGOmCy/2a2ReQyTA=
decred.org/dcrwallet/v5 v5.0.3 h1:nz3oIq06RnIQ8uNKCG8sBa5vsq2WLd5+a7QlErYMxu8=
decred.org/dcrwallet/v5 v5.0.3/go.mod h1:yH+3MRx46MzoPNgEARW5K9a3o/uIa0qtlc6az2oZVqY=
github.com/agl/ed25519 v0.0.0-20170116200512-5312a6153412 h1:w1UutsfOrms1J05zt7ISrnJIXKzwaspym5BTKGx93EI=
github.com/agl/ed25519 v0.0.0-20170116200512-5312a6153412/go.mod h1:WPjqKcmVOxf0XSf3YxCJs6N6AOSrOx3obionmG7T0y0=
github.com/btcsuite/btclog v1.0.0 h1:sEkpKJMmfGiyZjADwEIgB1NSwMyfdD1FB8v6+w1T0Ns=
github.com/btcsuite/btclog v1.0.0/go.mod h1:w7xnGOhwT3lmrS4H3b/D1XAXxvh+tbhUm8xeHN2y3TQ=
github.com/companyzero/sntrup4591761 v0.0.0-20220309191932-9e0f3af2f07a h1:clYxJ3Os0EQUKDDVU8M0oipllX0EkuFNBfhVQuIfyF0=
github.com/companyzero/sntrup4591761 v0.0.0-20220309191932-9e0f3af2f07a/go.mod h1:z/9Ck1EDixEbBbZ2KH2qNHekEmDLTOZ+FyoIPWWSVOI=
github.com/davecgh/go-spew v1.1.1 h1:vj9j/u1bqnvCEfJOwUhtlOARqs3+rkHYY13jYWTU97c=
github.com/davecgh/go-spew v1.1.1/go.mod h1:J7Y8YcW2NihsgmVo/mv3lAwl/skON4iLHjSsI+c5H38=
github.com/dchest/siphash v1.2.3 h1:QXwFc8cFOR2dSa/gE6o/HokBMWtLUaNDVd+22aKHeEA=
github.com/dchest/siphash v1.2.3/go.mod h1:0NvQU092bT0ipiFN++/rXm69QG9tVxLAlQHIXMPAkHc=
github.com/decred/base58 v1.0.6 h1:NXndBcO+ubGZORV3EulvqeBcMuQM7doqVGa7pBhMOs4=
github.com/decred/base58 v1.0.6/go.mod h1:KR7Oh9njDPXTagD4P67KJZwroL8jT653u8CffkYqhcQ=
github.com/decred/dcrd/addrmgr/v3 v3.0.0 h1:lf1nytf2IP+zb1t/9jenQhUTu7Mgt7FA0DT5Nz36ch4=
github.com/decred/dcrd/addrmgr/v3 v3.0.0/go.mod h1:/q2eZzbiL12enm3edx/YKj/+hyM8eNLGzUwKd/U8eTg=
github.com/decred/dcrd/blockchain/stake/v5 v5.0.2 h1:5SZwlt0oJRuj64MqSFyQItSvfnd6hEgkkx4LySK9Zxo=
github.com/decred/dcrd/blockchain/stake/v5 v5.0.2/go.mod h1:h6Xw2ECYewEb27i8yVsjOKktVIIu0TTS6EKhqfxfnbA=
github.com/decred/dcrd/blockchain/standalone/v2 v2.2.2 h1:mQA1cEzMS6EHbgV50wb2VFx4VQjNE8+n/B5BKvp5HWk=
github.com/decred/dcrd/blockchain/standalone/v2 v2.2.2/go.mod h1:lkBXrIA42dLYG4nDKAf08RlAeO4c4FC5YeDh8if91Hc=
github.com/decred/dcrd/blockchain/v5 v5.1.0 h1:Uo4I57Z1rqYEGNR0z+JZcUXExG8PAZwVBbvMjF6VJBU=
github.com/decred/dcrd/blockchain/v5 v5.1.0/go.mod h1:ZrMZIQGFdxxyfKd9aiz00yVNRi5RB0MIAxFsalqHAt0=
github.com/decred/dcrd/chaincfg/chainhash v1.0.5 h1:GwzXLsZoemdDxFdtj3GdW25Z+NXdN6nD3OjVtA+UwiE=
github.com/decred/dcrd/chaincfg/chainhash v1.0.5/go.mod h1:vCqZMGtKbyxJkdcVzP3Ryc9IvaspVUb7hO6t+rjxmcs=
github.com/decred/dcrd/chaincfg/v3 v3.3.0 h1:Plu5nS4ctf2V+8PMyannHRtcgexjY1EnFLTt3zfgGI8=
github.com/decred/dcrd/chaincfg/v3 v3.3.0/go.mod h1:uFkZ81h+Xs8PoMjsWsH1UAAm0siKMQbcIu5H3kKs6OI=
github.com/decred/dcrd/connmgr/v3 v3.1.3 h1:k6c3wpMIwqJpYgBjA5sZC6bwyQQnK3tUuKrfUVpGLDA=
github.com/decred/dcrd/connmgr/v3 v3.1.3/go.mod h1:E6t0fOcWlylV3O8mqAN7i0dAfGBY4ykxTzQ+oZNZP6g=
github.com/decred/dcrd/container/lru v1.0.0 h1:7foQymtbu18aQWYiY9RnNIeE+kvpiN+fiBQ3+viyJjI=
github.com/decred/dcrd/container/lru v1.0.0/go.mod h1:vlPwj0l+IzAHhQSsbgQnJgO5Cte78+yI065V+Mc5PRQ=
github.com/decred/dcrd/crypto/blake256 v1.1.0 h1:zPMNGQCm0g4QTY27fOCorQW7EryeQ/U0x++OzVrdms8=
github.com/decred/dcrd/crypto/blake256 v1.1.0/go.mod h1:2OfgNZ5wDpcsFmHmCK5gZTPcCXqlm2ArzUIkw9czNJo=
github.com/decred/dcrd/crypto/rand v1.0.1 h1:pYMgDRmRv1z1RNgAAs8izJstm4B+fLFiqGD5btOt2Wg=
github.com/decred/dcrd/crypto/rand v1.0.1/go.mod h1:MsA2XySk/4KpCOYW6vsNYTGuOYRK1wpvulaWCuW7RyI=
github.com/decred/dcrd/crypto/ripemd160 v1.0.2 h1:TvGTmUBHDU75OHro9ojPLK+Yv7gDl2hnUvRocRCjsys=
github.com/decred/dcrd/crypto/ripemd160 v1.0.2/go.mod h1:uGfjDyePSpa75cSQLzNdVmWlbQMBuiJkvXw/MNKRY4M=
github.com/decred/dcrd/database/v3 v3.0.3 h1:4k7zQSxLWnJV2xs0ON8ocZ90iEpFgkQVJCQXN/2n+B0=
github.com/decred/dcrd/database/v3 v3.0.3/go.mod h1:XD4uMZbcrUaaGLHRO6HzfEG3hOEoUjuWdwyg1TuDVls=
github.com/decred/dcrd/dcrec v1.0.1 h1:gDzlndw0zYxM5BlaV17d7ZJV6vhRe9njPBFeg4Db2UY=
github.com/decred/dcrd/dcrec v1.0.1/go.mod h1:CO+EJd8eHFb8WHa84C7ZBkXsNUIywaTHb+UAuI5uo6o=
github.com/decred/dcrd/dcrec/edwards/v2 v2.0.4 h1:xmmdtnGxF/Od2doiP56zBv5a3LgJ3PA6mlx3Luf622I=
github.com/decred/dcrd/dcrec/edwards/v2 v2.0.4/go.mod h1:07Ke2V+uJkG72M1Eiek8CF6NUB3XPlZ38cIit57R0UU=
github.com/decred/dcrd/dcrec/secp256k1/v4 v4.4.0 h1:NMZiJj8QnKe1LgsbDayM4UoHwbvwDRwnI3hwNaAHRnc=
github.com/decred/dcrd/dcrec/secp256k1/v4 v4.4.0/go.mod h1:ZXNYxsqcloTdSy/rNShjYzMhyjf0LaoftYK0p+A3h40=
github.com/decred/dcrd/dcrjson/v4 v4.2.0 h1:VZOitxS5/J1Gr8V/rUcVnvbtTvijxrVy7i2A3nu9wto=
github.com/decred/dcrd/dcrjson/v4 v4.2.0/go.mod h1:1YuURV3cVmko3lmBlkKc6Y2iHwHJJXATdiLULBS9D+Q=
github.com/decred/dcrd/dcrutil/v4 v4.0.3 h1:uUgSBB4ZFHeKQFrdUgKv3PvVJ3YpBpFeXMgXZsa0790=
github.com/decred/dcrd/dcrutil/v4 v4.0.3/go.mod h1:X59K97qkCrzlp8q6QcLsfxW3mrrDWROQMGM1la46jCY=
github.com/decred/dcrd/gcs/v4 v4.1.1 h1:3ELoII8uwIxXFGq6ETB29AjW7Lmr3McQOYsSD3dvUz0=
github.com/decred/dcrd/gcs/v4 v4.1.1/go.mod h1:5q1EnYp1CzJw057/XfRB6UGkos24fpu2r2ZLuwE7YdE=
github.com/decred/dcrd/hdkeychain/v3 v3.1.3 h1:Kn2wfj5cOR6pQO/WrYOMT1KK12IgWFEeQwnk1o81WsU=
github.com/decred/dcrd/hdkeychain/v3 v3.1.3/go.mod h1:mDAuGaH6InRD+hKVeVJsjLD/ih1mD3aCKURNHS8Tq2s=
github.com/decred/dcrd/mixing v0.6.1 h1:nysHraShVbgKIrqpa04364YTchmVtqgaphTNWqs7nHc=
github.com/decred/dcrd/mixing v0.6.1/go.mod h1:M+Ao9h49usdSEsC0N6kMafijwgYh7E57RTKh8cCw02o=
github.com/decred/dcrd/rpc/jsonrpc/types/v4 v4.4.0 h1:BBVaYemabsFsaqNVlCmacoZlSsLDqwHYIs8ty6fg59Q=
github.com/decred/dcrd/rpc/jsonrpc/types/v4 v4.4.0/go.mod h1:w4C6hZ7ywpc8/YNkiPAknCaqKofF68cRhUiTglEIc7s=
github.com/decred/dcrd/txscript/v4 v4.1.2 h1:1EP7ZmBDl2LBeAMTEygxY8rVNN3+lkGqrsb4u64x+II=
github.com/decred/dcrd/txscript/v4 v4.1.2/go.mod h1:r5/8qfCnl6TFrE369gggUayVIryM1oC7BLoRfa27Ckw=
github.com/decred/dcrd/wire v1.7.2 h1:04vpHHE3t78rDztjZx82JV2EEOMDUtUUB1347H32kho=
github.com/decred/dcrd/wire v1.7.2/go.mod h1:eP9XRsMloy+phlntkTAaAm611JgLv8NqY1YJoRxkNKU=
github.com/decred/go-socks v1.1.0 h1:dnENcc0KIqQo3HSXdgboXAHgqsCIutkqq6ntQjYtm2U=
github.com/decred/go-socks v1.1.0/go.mod h1:sDhHqkZH0X4JjSa02oYOGhcGHYp12FsY1jQ/meV8md0=
github.com/decred/slog v1.2.0 h1:soHAxV52B54Di3WtKLfPum9OFfWqwtf/ygf9njdfnPM=
github.com/decred/slog v1.2.0/go.mod h1:kVXlGnt6DHy2fV5OjSeuvCJ0OmlmTF6LFpEPMu/fOY0=
github.com/decred/vspd/client/v4 v4.0.2 h1:yvQaJFy3UdQMcRzjAyvuKPpr2G2Rn6Bbha+HH4TwItQ=
github.com/decred/vspd/client/v4 v4.0.2/go.mod h1:jhqu4KGGOskQcPVZ3XZLVZ1Wgkc9GQo+oEipr3gGODg=
github.com/decred/vspd/types/v3 v3.0.0 h1:jHlQIpp6aCjIcFs8WE3AaVCJe1kgepNTq+nkBKAyQxk=
github.com/decred/vspd/types/v3 v3.0.0/go.mod h1:hwifRZu6tpkbhSg2jZCUwuPaO/oETgbSCWCYJd4XepY=
github.com/golang/snappy v0.0.5-0.20220116011046-fa5810519dcb h1:PBC98N2aIaM3XXiurYmW7fx4GZkL8feAMVq7nEjURHk=
github.com/golang/snappy v0.0.5-0.20220116011046-fa5810519dcb/go.mod h1:/XxbfmMg8lxefKM7IXC3fBNl/7bRcc72aCRzEWrmP2Q=
github.com/gorilla/websocket v1.5.3 h1:saDtZ6Pbx/0u+bgYQ3q96pZgCzfhKXGPqt7kZ72aNNg=
github.com/gorilla/websocket v1.5.3/go.mod h1:YR8l580nyteQvAITg2hZ9XVh4b55+EU/adAjf1fMHhE=
github.com/jrick/bitset v1.0.0 h1:Ws0PXV3PwXqWK2n7Vz6idCdrV/9OrBXgHEJi27ZB9Dw=
github.com/jrick/bitset v1.0.0/go.mod h1:ZOYB5Uvkla7wIEY4FEssPVi3IQXa02arznRaYaAEPe4=
github.com/jrick/logrotate v1.1.2 h1:6ePk462NCX7TfKtNp5JJ7MbA2YIslkpfgP03TlTYMN0=
github.com/jrick/logrotate v1.1.2/go.mod h1:f9tdWggSVK3iqavGpyvegq5IhNois7KXmasU6/N96OQ=
github.com/jrick/wsrpc/v2 v2.4.0 h1:YpcTqRNfOzFP31kfpROT/awPGzvP2XXPwGp7xJ104DA=
github.com/jrick/wsrpc/v2 v2.4.0/go.mod h1:Ha6uT2AOjHkaiBWMjWfWUFvjDrppbfy0ghLKxPPYmY4=
github.com/kevinburke/nacl v0.9.0 h1:2C9v+jXTUUlK19kw+9rqfsdO7riP5xIyHNJ3GvsgOro=
github.com/kevinburke/nacl v0.9.0/go.mod h1:qxFJhGMHIPiWJXUauGGORlObOR4bLKBqf/n6PL8l8N0=
github.com/klauspost/cpuid/v2 v2.3.0 h1:S4CRMLnYUhGeDFDqkGriYKdfoFlDnMtqTiI/sFzhA9Y=
github.com/klauspost/cpuid/v2 v2.3.0/go.mod h1:hqwkgyIinND0mEev00jJYCxPNVRVXFQeu1XKlok6oO0=
github.com/pmezard/go-difflib v1.0.0 h1:4DBwDE0NGyQoBHbLQYPwSUPoCMWR5BEzIk/f1lZbAQM=
github.com/pmezard/go-difflib v1.0.0/go.mod h1:iKH77koFhYxTK1pcRnkKkqfTogsbg7gZNVY4sRDYZ/4=
github.com/stretchr/testify v1.10.0 h1:Xv5erBjTwe/5IxqUQTdXv5kgmIvbHo3QQyRwhJsOfJA=
github.com/stretchr/testify v1.10.0/go.mod h1:r2ic/lqez/lEtzL7wO/rwa5dbSLXVDPFyf8C91i36aY=
github.com/syndtr/goleveldb v1.0.1-0.20210819022825-2ae1ddf74ef7 h1:epCh84lMvA70Z7CTTCmYQn2CKbY8j86K7/FAIr141uY=
github.com/syndtr/goleveldb v1.0.1-0.20210819022825-2ae1ddf74ef7/go.mod h1:q4W45IWZaF22tdD+VEXcAWRA037jwmWEB5VWYORlTpc=
go.etcd.io/bbolt v1.4.3 h1:dEadXpI6G79deX5prL3QRNP6JB8UxVkqo4UPnHaNXJo=
go.etcd.io/bbolt v1.4.3/go.mod h1:tKQlpPaYCVFctUIgFKFnAlvbmB3tpy1vkTnDWohtc0E=
golang.org/x/crypto v0.46.0 h1:cKRW/pmt1pKAfetfu+RCEvjvZkA9RimPbh7bhFjGVBU=
golang.org/x/crypto v0.46.0/go.mod h1:Evb/oLKmMraqjZ2iQTwDwvCtJkczlDuTmdJXoZVzqU0=
golang.org/x/sync v0.19.0 h1:vV+1eWNmZ5geRlYjzm2adRgW2/mcpevXNg50YZtPCE4=
golang.org/x/sync v0.19.0/go.mod h1:9KTHXmSnoGruLpwFjVSX0lNNA75CykiMECbovNTZqGI=
golang.org/x/sys v0.39.0 h1:CvCKL8MeisomCi6qNZ+wbb0DN9E5AATixKsvNtMoMFk=
golang.org/x/sys v0.39.0/go.mod h1:OgkHotnGiDImocRcuBABYBEXf8A9a87e/uXjp9XT3ks=
golang.org/x/text v0.32.0 h1:ZD01bjUt1FQ9WJ0ClOL5vxgxOI/sVCNgX1YtKwcY0mU=
golang.org/x/text v0.32.0/go.mod h1:o/rUWzghvpD5TXrTIBuJU77MTaN0ljMWE47kxGJQ7jY=
gopkg.in/yaml.v3 v3.0.1 h1:fxVm/GzAzEWqLHuvctI91KS9hhNmmWOoWu0XTYJS7CA=
gopkg.in/yaml.v3 v3.0.1/go.mod h1:K4uyk7z7BCEPqu6E+C64Yfv1cQ7kz7rIZviUmN+EgEM=
lukechampine.com/blake3 v1.4.1 h1:I3Smz7gso8w4/TunLKec6K2fn+kyKtDxr/xcQEN84Wg=
lukechampine.com/blake3 v1.4.1/go.mod h1:QFosUxmjB8mnrWFSNwKmvxHpfY72bmD2tQ0kBMM3kwo=
